<?xml version="1.0" encoding="utf-8"?>
<Project ToolsVersion="17.0" xmlns="http://schemas.microsoft.com/developer/msbuild/2003">
  <ItemGroup>
    <CustomBuild Include="C:\Users\lucia\programacao\My project\MultiplayerBook\PDCursesMod-master-build\CMakeFiles\6e16ebc12055b6c53c73f28049d09b4d\uninstall.rule">
      <Filter>CMake Rules</Filter>
    </CustomBuild>
    <CustomBuild Include="C:\Users\lucia\programacao\My project\MultiplayerBook\PDCursesMod-master\CMakeLists.txt" />
  </ItemGroup>
  <ItemGroup>
    <None Include="C:\Users\lucia\programacao\My project\MultiplayerBook\PDCursesMod-master-build\CMakeFiles\uninstall" />
  </ItemGroup>
  <ItemGroup>
    <Filter Include="CMake Rules">
      <UniqueIdentifier>{587612CE-A88F-365A-A027-15180B423D76}</UniqueIdentifier>
    </Filter>
  </ItemGroup>
</Project>
